
Microsoft Visual Studio Solution File, Format Version 12.00
# Visual Studio Version 16
VisualStudioVersion = 25.0.1705.4
MinimumVisualStudioVersion = 10.0.40219.1
Project("{FAE04EC0-301F-11D3-BF4B-00C04F79EFBC}") = "NBomberFirst", "NBomberFirst\NBomberFirst.csproj", "{9B92C84E-42B1-4EA8-A867-B59E430CC29A}"
EndProject
Global
	GlobalSection(SolutionConfigurationPlatforms) = preSolution
		Debug|Any CPU = Debug|Any CPU
		Release|Any CPU = Release|Any CPU
	EndGlobalSection
	GlobalSection(ProjectConfigurationPlatforms) = postSolution
		{9B92C84E-42B1-4EA8-A867-B59E430CC29A}.Debug|Any CPU.ActiveCfg = Debug|Any CPU
		{9B92C84E-42B1-4EA8-A867-B59E430CC29A}.Debug|Any CPU.Build.0 = Debug|Any CPU
		{9B92C84E-42B1-4EA8-A867-B59E430CC29A}.Release|Any CPU.ActiveCfg = Release|Any CPU
		{9B92C84E-42B1-4EA8-A867-B59E430CC29A}.Release|Any CPU.Build.0 = Release|Any CPU
	EndGlobalSection
	GlobalSection(SolutionProperties) = preSolution
		HideSolutionNode = FALSE
	EndGlobalSection
	GlobalSection(ExtensibilityGlobals) = postSolution
		SolutionGuid = {CD443361-4992-4FE4-9708-86A30E1CF49F}
	EndGlobalSection
EndGlobal
